// !$*UTF8*$!
{
	archiveVersion = 1;
	classes = {
	};
	objectVersion = 46;
	objects = {

/* Begin PBXBuildFile section */
		760338161C0DDFBD000FA81C /* AppDelegate.swift in Sources */ = {isa = PBXBuildFile; fileRef = 760338151C0DDFBD000FA81C /* AppDelegate.swift */; };
		760338181C0DDFBD000FA81C /* ViewController.swift in Sources */ = {isa = PBXBuildFile; fileRef = 760338171C0DDFBD000FA81C /* ViewController.swift */; };
		7603381B1C0DDFBD000FA81C /* Main.storyboard in Resources */ = {isa = PBXBuildFile; fileRef = 760338191C0DDFBD000FA81C /* Main.storyboard */; };
		7603381D1C0DDFBD000FA81C /* Assets.xcassets in Resources */ = {isa = PBXBuildFile; fileRef = 7603381C1C0DDFBD000FA81C /* Assets.xcassets */; };
		760338201C0DDFBD000FA81C /* LaunchScreen.storyboard in Resources */ = {isa = PBXBuildFile; fileRef = 7603381E1C0DDFBD000FA81C /* LaunchScreen.storyboard */; };
		7603382B1C0DDFBE000FA81C /* prototype_3Tests.swift in Sources */ = {isa = PBXBuildFile; fileRef = 7603382A1C0DDFBE000FA81C /* prototype_3Tests.swift */; };
		760338361C0DDFBE000FA81C /* prototype_3UITests.swift in Sources */ = {isa = PBXBuildFile; fileRef = 760338351C0DDFBE000FA81C /* prototype_3UITests.swift */; };
/* End PBXBuildFile section */

/* Begin PBXContainerItemProxy section */
		760338271C0DDFBE000FA81C /* PBXContainerItemProxy */ = {
			isa = PBXContainerItemProxy;
			containerPortal = 7603380A1C0DDFBD000FA81C /* Project object */;
			proxyType = 1;
			remoteGlobalIDString = 760338111C0DDFBD000FA81C;
			remoteInfo = "prototype-3";
		};
		760338321C0DDFBE000FA81C /* PBXContainerItemProxy */ = {
			isa = PBXContainerItemProxy;
			containerPortal = 7603380A1C0DDFBD000FA81C /* Project object */;
			proxyType = 1;
			remoteGlobalIDString = 760338111C0DDFBD000FA81C;
			remoteInfo = "prototype-3";
		};
/* End PBXContainerItemProxy section */

/* Begin PBXFileReference section */
		760338121C0DDFBD000FA81C /* prototype-3.app */ = {isa = PBXFileReference; explicitFileType = wrapper.application; includeInIndex = 0; path = "prototype-3.app"; sourceTree = BUILT_PRODUCTS_DIR; };
		760338151C0DDFBD000FA81C /* AppDelegate.swift */ = {isa = PBXFileReference; lastKnownFileType = sourcecode.swift; path = AppDelegate.swift; sourceTree = "<group>"; };
		760338171C0DDFBD000FA81C /* ViewController.swift */ = {isa = PBXFileReference; lastKnownFileType = sourcecode.swift; path = ViewController.swift; sourceTree = "<group>"; };
		7603381A1C0DDFBD000FA81C /* Base */ = {isa = PBXFileReference; lastKnownFileType = file.storyboard; name = Base; path = Base.lproj/Main.storyboard; sourceTree = "<group>"; };
		7603381C1C0DDFBD000FA81C /* Assets.xcassets */ = {isa = PBXFileReference; lastKnownFileType = folder.assetcatalog; path = Assets.xcassets; sourceTree = "<group>"; };
		7603381F1C0DDFBD000FA81C /* Base */ = {isa = PBXFileReference; lastKnownFileType = file.storyboard; name = Base; path = Base.lproj/LaunchScreen.storyboard; sourceTree = "<group>"; };
		760338211C0DDFBE000FA81C /* Info.plist */ = {isa = PBXFileReference; lastKnownFileType = text.plist.xml; path = Info.plist; sourceTree = "<group>"; };
		760338261C0DDFBE000FA81C /* prototype-3Tests.xctest */ = {isa = PBXFileReference; explicitFileType = wrapper.cfbundle; includeInIndex = 0; path = "prototype-3Tests.xctest"; sourceTree = BUILT_PRODUCTS_DIR; };
		7603382A1C0DDFBE000FA81C /* prototype_3Tests.swift */ = {isa = PBXFileReference; lastKnownFileType = sourcecode.swift; path = prototype_3Tests.swift; sourceTree = "<group>"; };
		7603382C1C0DDFBE000FA81C /* Info.plist */ = {isa = PBXFileReference; lastKnownFileType = text.plist.xml; path = Info.plist; sourceTree = "<group>"; };
		760338311C0DDFBE000FA81C /* prototype-3UITests.xctest */ = {isa = PBXFileReference; explicitFileType = wrapper.cfbundle; includeInIndex = 0; path = "prototype-3UITests.xctest"; sourceTree = BUILT_PRODUCTS_DIR; };
		760338351C0DDFBE000FA81C /* prototype_3UITests.swift */ = {isa = PBXFileReference; lastKnownFileType = sourcecode.swift; path = prototype_3UITests.swift; sourceTree = "<group>"; };
		760338371C0DDFBE000FA81C /* Info.plist */ = {isa = PBXFileReference; lastKnownFileType = text.plist.xml; path = Info.plist; sourceTree = "<group>"; };
/* End PBXFileReference section */

/* Begin PBXFrameworksBuildPhase section */
		7603380F1C0DDFBD000FA81C /* Frameworks */ = {
			isa = PBXFrameworksBuildPhase;
			buildActionMask = 2147483647;
			files = (
			);
			runOnlyForDeploymentPostprocessing = 0;
		};
		760338231C0DDFBE000FA81C /* Frameworks */ = {
			isa = PBXFrameworksBuildPhase;
			buildActionMask = 2147483647;
			files = (
			);
			runOnlyForDeploymentPostprocessing = 0;
		};
		7603382E1C0DDFBE000FA81C /* Frameworks */ = {
			isa = PBXFrameworksBuildPhase;
			buildActionMask = 2147483647;
			files = (
			);
			runOnlyForDeploymentPostprocessing = 0;
		};
/* End PBXFrameworksBuildPhase section */

/* Begin PBXGroup section */
		760338091C0DDFBD000FA81C = {
			isa = PBXGroup;
			children = (
				760338141C0DDFBD000FA81C /* prototype-3 */,
				760338291C0DDFBE000FA81C /* prototype-3Tests */,
				760338341C0DDFBE000FA81C /* prototype-3UITests */,
				760338131C0DDFBD000FA81C /* Products */,
			);
			sourceTree = "<group>";
		};
		760338131C0DDFBD000FA81C /* Products */ = {
			isa = PBXGroup;
			children = (
				760338121C0DDFBD000FA81C /* prototype-3.app */,
				760338261C0DDFBE000FA81C /* prototype-3Tests.xctest */,
				760338311C0DDFBE000FA81C /* prototype-3UITests.xctest */,
			);
			name = Products;
			sourceTree = "<group>";
		};
		760338141C0DDFBD000FA81C /* prototype-3 */ = {
			isa = PBXGroup;
			children = (
				760338151C0DDFBD000FA81C /* AppDelegate.swift */,
				760338171C0DDFBD000FA81C /* ViewController.swift */,
				760338191C0DDFBD000FA81C /* Main.storyboard */,
				7603381C1C0DDFBD000FA81C /* Assets.xcassets */,
				7603381E1C0DDFBD000FA81C /* LaunchScreen.storyboard */,
				760338211C0DDFBE000FA81C /* Info.plist */,
			);
			path = "prototype-3";
			sourceTree = "<group>";
		};
		760338291C0DDFBE000FA81C /* prototype-3Tests */ = {
			isa = PBXGroup;
			children = (
				7603382A1C0DDFBE000FA81C /* prototype_3Tests.swift */,
				7603382C1C0DDFBE000FA81C /* Info.plist */,
			);
			path = "prototype-3Tests";
			sourceTree = "<group>";
		};
		760338341C0DDFBE000FA81C /* prototype-3UITests */ = {
			isa = PBXGroup;
			children = (
				760338351C0DDFBE000FA81C /* prototype_3UITests.swift */,
				760338371C0DDFBE000FA81C /* Info.plist */,
			);
			path = "prototype-3UITests";
			sourceTree = "<group>";
		};
/* End PBXGroup section */

/* Begin PBXNativeTarget section */
		760338111C0DDFBD000FA81C /* prototype-3 */ = {
			isa = PBXNativeTarget;
			buildConfigurationList = 7603383A1C0DDFBE000FA81C /* Build configuration list for PBXNativeTarget "prototype-3" */;
			buildPhases = (
				7603380E1C0DDFBD000FA81C /* Sources */,
				7603380F1C0DDFBD000FA81C /* Frameworks */,
				760338101C0DDFBD000FA81C /* Resources */,
			);
			buildRules = (
			);
			dependencies = (
			);
			name = "prototype-3";
			productName = "prototype-3";
			productReference = 760338121C0DDFBD000FA81C /* prototype-3.app */;
			productType = "com.apple.product-type.application";
		};
		760338251C0DDFBE000FA81C /* prototype-3Tests */ = {
			isa = PBXNativeTarget;
			buildConfigurationList = 7603383D1C0DDFBE000FA81C /* Build configuration list for PBXNativeTarget "prototype-3Tests" */;
			buildPhases = (
				760338221C0DDFBE000FA81C /* Sources */,
				760338231C0DDFBE000FA81C /* Frameworks */,
				760338241C0DDFBE000FA81C /* Resources */,
			);
			buildRules = (
			);
			dependencies = (
				760338281C0DDFBE000FA81C /* PBXTargetDependency */,
			);
			name = "prototype-3Tests";
			productName = "prototype-3Tests";
			productReference = 760338261C0DDFBE000FA81C /* prototype-3Tests.xctest */;
			productType = "com.apple.product-type.bundle.unit-test";
		};
		760338301C0DDFBE000FA81C /* prototype-3UITests */ = {
			isa = PBXNativeTarget;
			buildConfigurationList = 760338401C0DDFBE000FA81C /* Build configuration list for PBXNativeTarget "prototype-3UITests" */;
			buildPhases = (
				7603382D1C0DDFBE000FA81C /* Sources */,
				7603382E1C0DDFBE000FA81C /* Frameworks */,
				7603382F1C0DDFBE000FA81C /* Resources */,
			);
			buildRules = (
			);
			dependencies = (
				760338331C0DDFBE000FA81C /* PBXTargetDependency */,
			);
			name = "prototype-3UITests";
			productName = "prototype-3UITests";
			productReference = 760338311C0DDFBE000FA81C /* prototype-3UITests.xctest */;
			productType = "com.apple.product-type.bundle.ui-testing";
		};
/* End PBXNativeTarget section */

/* Begin PBXProject section */
		7603380A1C0DDFBD000FA81C /* Project object */ = {
			isa = PBXProject;
			attributes = {
				LastSwiftUpdateCheck = 0710;
				LastUpgradeCheck = 0710;
				ORGANIZATIONNAME = "Thijs van Diessen";
				TargetAttributes = {
					760338111C0DDFBD000FA81C = {
						CreatedOnToolsVersion = 7.1.1;
					};
					760338251C0DDFBE000FA81C = {
						CreatedOnToolsVersion = 7.1.1;
						TestTargetID = 760338111C0DDFBD000FA81C;
					};
					760338301C0DDFBE000FA81C = {
						CreatedOnToolsVersion = 7.1.1;
						TestTargetID = 760338111C0DDFBD000FA81C;
					};
				};
			};
			buildConfigurationList = 7603380D1C0DDFBD000FA81C /* Build configuration list for PBXProject "prototype-3" */;
			compatibilityVersion = "Xcode 3.2";
			developmentRegion = English;
			hasScannedForEncodings = 0;
			knownRegions = (
				en,
				Base,
			);
			mainGroup = 760338091C0DDFBD000FA81C;
			productRefGroup = 760338131C0DDFBD000FA81C /* Products */;
			projectDirPath = "";
			projectRoot = "";
			targets = (
				760338111C0DDFBD000FA81C /* prototype-3 */,
				760338251C0DDFBE000FA81C /* prototype-3Tests */,
				760338301C0DDFBE000FA81C /* prototype-3UITests */,
			);
		};
/* End PBXProject section */

/* Begin PBXResourcesBuildPhase section */
		760338101C0DDFBD000FA81C /* Resources */ = {
			isa = PBXResourcesBuildPhase;
			buildActionMask = 2147483647;
			files = (
				760338201C0DDFBD000FA81C /* LaunchScreen.storyboard in Resources */,
				7603381D1C0DDFBD000FA81C /* Assets.xcassets in Resources */,
				7603381B1C0DDFBD000FA81C /* Main.storyboard in Resources */,
			);
			runOnlyForDeploymentPostprocessing = 0;
		};
		760338241C0DDFBE000FA81C /* Resources */ = {
			isa = PBXResourcesBuildPhase;
			buildActionMask = 2147483647;
			files = (
			);
			runOnlyForDeploymentPostprocessing = 0;
		};
		7603382F1C0DDFBE000FA81C /* Resources */ = {
			isa = PBXResourcesBuildPhase;
			buildActionMask = 2147483647;
			files = (
			);
			runOnlyForDeploymentPostprocessing = 0;
		};
/* End PBXResourcesBuildPhase section */

/* Begin PBXSourcesBuildPhase section */
		7603380E1C0DDFBD000FA81C /* Sources */ = {
			isa = PBXSourcesBuildPhase;
			buildActionMask = 2147483647;
			files = (
				760338181C0DDFBD000FA81C /* ViewController.swift in Sources */,
				760338161C0DDFBD000FA81C /* AppDelegate.swift in Sources */,
			);
			runOnlyForDeploymentPostprocessing = 0;
		};
		760338221C0DDFBE000FA81C /* Sources */ = {
			isa = PBXSourcesBuildPhase;
			buildActionMask = 2147483647;
			files = (
				7603382B1C0DDFBE000FA81C /* prototype_3Tests.swift in Sources */,
			);
			runOnlyForDeploymentPostprocessing = 0;
		};
		7603382D1C0DDFBE000FA81C /* Sources */ = {
			isa = PBXSourcesBuildPhase;
			buildActionMask = 2147483647;
			files = (
				760338361C0DDFBE000FA81C /* prototype_3UITests.swift in Sources */,
			);
			runOnlyForDeploymentPostprocessing = 0;
		};
/* End PBXSourcesBuildPhase section */

/* Begin PBXTargetDependency section */
		760338281C0DDFBE000FA81C /* PBXTargetDependency */ = {
			isa = PBXTargetDependency;
			target = 760338111C0DDFBD000FA81C /* prototype-3 */;
			targetProxy = 760338271C0DDFBE000FA81C /* PBXContainerItemProxy */;
		};
		760338331C0DDFBE000FA81C /* PBXTargetDependency */ = {
			isa = PBXTargetDependency;
			target = 760338111C0DDFBD000FA81C /* prototype-3 */;
			targetProxy = 760338321C0DDFBE000FA81C /* PBXContainerItemProxy */;
		};
/* End PBXTargetDependency section */

/* Begin PBXVariantGroup section */
		760338191C0DDFBD000FA81C /* Main.storyboard */ = {
			isa = PBXVariantGroup;
			children = (
				7603381A1C0DDFBD000FA81C /* Base */,
			);
			name = Main.storyboard;
			sourceTree = "<group>";
		};
		7603381E1C0DDFBD000FA81C /* LaunchScreen.storyboard */ = {
			isa = PBXVariantGroup;
			children = (
				7603381F1C0DDFBD000FA81C /* Base */,
			);
			name = LaunchScreen.storyboard;
			sourceTree = "<group>";
		};
/* End PBXVariantGroup section */

/* Begin XCBuildConfiguration section */
		760338381C0DDFBE000FA81C /* Debug */ = {
			isa = XCBuildConfiguration;
			buildSettings = {
				ALWAYS_SEARCH_USER_PATHS = NO;
				CLANG_CXX_LANGUAGE_STANDARD = "gnu++0x";
				CLANG_CXX_LIBRARY = "libc++";
				CLANG_ENABLE_MODULES = YES;
				CLANG_ENABLE_OBJC_ARC = YES;
				CLANG_WARN_BOOL_CONVERSION = YES;
				CLANG_WARN_CONSTANT_CONVERSION = YES;
				CLANG_WARN_DIRECT_OBJC_ISA_USAGE = YES_ERROR;
				CLANG_WARN_EMPTY_BODY = YES;
				CLANG_WARN_ENUM_CONVERSION = YES;
				CLANG_WARN_INT_CONVERSION = YES;
				CLANG_WARN_OBJC_ROOT_CLASS = YES_ERROR;
				CLANG_WARN_UNREACHABLE_CODE = YES;
				CLANG_WARN__DUPLICATE_METHOD_MATCH = YES;
				"CODE_SIGN_IDENTITY[sdk=iphoneos*]" = "iPhone Developer";
				COPY_PHASE_STRIP = NO;
				DEBUG_INFORMATION_FORMAT = dwarf;
				ENABLE_STRICT_OBJC_MSGSEND = YES;
				ENABLE_TESTABILITY = YES;
				GCC_C_LANGUAGE_STANDARD = gnu99;
				GCC_DYNAMIC_NO_PIC = NO;
				GCC_NO_COMMON_BLOCKS = YES;
				GCC_OPTIMIZATION_LEVEL = 0;
				GCC_PREPROCESSOR_DEFINITIONS = (
					"DEBUG=1",
					"$(inherited)",
				);
				GCC_WARN_64_TO_32_BIT_CONVERSION = YES;
				GCC_WARN_ABOUT_RETURN_TYPE = YES_ERROR;
				GCC_WARN_UNDECLARED_SELECTOR = YES;
				GCC_WARN_UNINITIALIZED_AUTOS = YES_AGGRESSIVE;
				GCC_WARN_UNUSED_FUNCTION = YES;
				GCC_WARN_UNUSED_VARIABLE = YES;
				IPHONEOS_DEPLOYMENT_TARGET = 9.1;
				MTL_ENABLE_DEBUG_INFO = YES;
				ONLY_ACTIVE_ARCH = YES;
				SDKROOT = iphoneos;
				SWIFT_OPTIMIZATION_LEVEL = "-Onone";
			};
			name = Debug;
		};
		760338391C0DDFBE000FA81C /* Release */ = {
			isa = XCBuildConfiguration;
			buildSettings = {
				ALWAYS_SEARCH_USER_PATHS = NO;
				CLANG_CXX_LANGUAGE_STANDARD = "gnu++0x";
				CLANG_CXX_LIBRARY = "libc++";
				CLANG_ENABLE_MODULES = YES;
				CLANG_ENABLE_OBJC_ARC = YES;
				CLANG_WARN_BOOL_CONVERSION = YES;
				CLANG_WARN_CONSTANT_CONVERSION = YES;
				CLANG_WARN_DIRECT_OBJC_ISA_USAGE = YES_ERROR;
				CLANG_WARN_EMPTY_BODY = YES;
				CLANG_WARN_ENUM_CONVERSION = YES;
				CLANG_WARN_INT_CONVERSION = YES;
				CLANG_WARN_OBJC_ROOT_CLASS = YES_ERROR;
				CLANG_WARN_UNREACHABLE_CODE = YES;
				CLANG_WARN__DUPLICATE_METHOD_MATCH = YES;
				"CODE_SIGN_IDENTITY[sdk=iphoneos*]" = "iPhone Developer";
				COPY_PHASE_STRIP = NO;
				DEBUG_INFORMATION_FORMAT = "dwarf-with-dsym";
				ENABLE_NS_ASSERTIONS = NO;
				ENABLE_STRICT_OBJC_MSGSEND = YES;
				GCC_C_LANGUAGE_STANDARD = gnu99;
				GCC_NO_COMMON_BLOCKS = YES;
				GCC_WARN_64_TO_32_BIT_CONVERSION = YES;
				GCC_WARN_ABOUT_RETURN_TYPE = YES_ERROR;
				GCC_WARN_UNDECLARED_SELECTOR = YES;
				GCC_WARN_UNINITIALIZED_AUTOS = YES_AGGRESSIVE;
				GCC_WARN_UNUSED_FUNCTION = YES;
				GCC_WARN_UNUSED_VARIABLE = YES;
				IPHONEOS_DEPLOYMENT_TARGET = 9.1;
				MTL_ENABLE_DEBUG_INFO = NO;
				SDKROOT = iphoneos;
				VALIDATE_PRODUCT = YES;
			};
			name = Release;
		};
		7603383B1C0DDFBE000FA81C /* Debug */ = {
			isa = XCBuildConfiguration;
			buildSettings = {
				ASSETCATALOG_COMPILER_APPICON_NAME = AppIcon;
				INFOPLIST_FILE = "prototype-3/Info.plist";
				LD_RUNPATH_SEARCH_PATHS = "$(inherited) @executable_path/Frameworks";
				PRODUCT_BUNDLE_IDENTIFIER = "thijs.prototype-3";
				PRODUCT_NAME = "$(TARGET_NAME)";
			};
			name = Debug;
		};
		7603383C1C0DDFBE000FA81C /* Release */ = {
			isa = XCBuildConfiguration;
			buildSettings = {
				ASSETCATALOG_COMPILER_APPICON_NAME = AppIcon;
				INFOPLIST_FILE = "prototype-3/Info.plist";
				LD_RUNPATH_SEARCH_PATHS = "$(inherited) @executable_path/Frameworks";
				PRODUCT_BUNDLE_IDENTIFIER = "thijs.prototype-3";
				PRODUCT_NAME = "$(TARGET_NAME)";
			};
			name = Release;
		};
		7603383E1C0DDFBE000FA81C /* Debug */ = {
			isa = XCBuildConfiguration;
			buildSettings = {
				BUNDLE_LOADER = "$(TEST_HOST)";
				INFOPLIST_FILE = "prototype-3Tests/Info.plist";
				LD_RUNPATH_SEARCH_PATHS = "$(inherited) @executable_path/Frameworks @loader_path/Frameworks";
				PRODUCT_BUNDLE_IDENTIFIER = "thijs.prototype-3Tests";
				PRODUCT_NAME = "$(TARGET_NAME)";
				TEST_HOST = "$(BUILT_PRODUCTS_DIR)/prototype-3.app/prototype-3";
			};
			name = Debug;
		};
		7603383F1C0DDFBE000FA81C /* Release */ = {
			isa = XCBuildConfiguration;
			buildSettings = {
				BUNDLE_LOADER = "$(TEST_HOST)";
				INFOPLIST_FILE = "prototype-3Tests/Info.plist";
				LD_RUNPATH_SEARCH_PATHS = "$(inherited) @executable_path/Frameworks @loader_path/Frameworks";
				PRODUCT_BUNDLE_IDENTIFIER = "thijs.prototype-3Tests";
				PRODUCT_NAME = "$(TARGET_NAME)";
				TEST_HOST = "$(BUILT_PRODUCTS_DIR)/prototype-3.app/prototype-3";
			};
			name = Release;
		};
		760338411C0DDFBE000FA81C /* Debug */ = {
			isa = XCBuildConfiguration;
			buildSettings = {
				INFOPLIST_FILE = "prototype-3UITests/Info.plist";
				LD_RUNPATH_SEARCH_PATHS = "$(inherited) @executable_path/Frameworks @loader_path/Frameworks";
				PRODUCT_BUNDLE_IDENTIFIER = "thijs.prototype-3UITests";
				PRODUCT_NAME = "$(TARGET_NAME)";
				TEST_TARGET_NAME = "prototype-3";
				USES_XCTRUNNER = YES;
			};
			name = Debug;
		};
		760338421C0DDFBE000FA81C /* Release */ = {
			isa = XCBuildConfiguration;
			buildSettings = {
				INFOPLIST_FILE = "prototype-3UITests/Info.plist";
				LD_RUNPATH_SEARCH_PATHS = "$(inherited) @executable_path/Frameworks @loader_path/Frameworks";
				PRODUCT_BUNDLE_IDENTIFIER = "thijs.prototype-3UITests";
				PRODUCT_NAME = "$(TARGET_NAME)";
				TEST_TARGET_NAME = "prototype-3";
				USES_XCTRUNNER = YES;
			};
			name = Release;
		};
/* End XCBuildConfiguration section */

/* Begin XCConfigurationList section */
		7603380D1C0DDFBD000FA81C /* Build configuration list for PBXProject "prototype-3" */ = {
			isa = XCConfigurationList;
			buildConfigurations = (
				760338381C0DDFBE000FA81C /* Debug */,
				760338391C0DDFBE000FA81C /* Release */,
			);
			defaultConfigurationIsVisible = 0;
			defaultConfigurationName = Release;
		};
		7603383A1C0DDFBE000FA81C /* Build configuration list for PBXNativeTarget "prototype-3" */ = {
			isa = XCConfigurationList;
			buildConfigurations = (
				7603383B1C0DDFBE000FA81C /* Debug */,
				7603383C1C0DDFBE000FA81C /* Release */,
			);
			defaultConfigurationIsVisible = 0;
		};
		7603383D1C0DDFBE000FA81C /* Build configuration list for PBXNativeTarget "prototype-3Tests" */ = {
			isa = XCConfigurationList;
			buildConfigurations = (
				7603383E1C0DDFBE000FA81C /* Debug */,
				7603383F1C0DDFBE000FA81C /* Release */,
			);
			defaultConfigurationIsVisible = 0;
		};
		760338401C0DDFBE000FA81C /* Build configuration list for PBXNativeTarget "prototype-3UITests" */ = {
			isa = XCConfigurationList;
			buildConfigurations = (
				760338411C0DDFBE000FA81C /* Debug */,
				760338421C0DDFBE000FA81C /* Release */,
			);
			defaultConfigurationIsVisible = 0;
		};
/* End XCConfigurationList section */
	};
	rootObject = 7603380A1C0DDFBD000FA81C /* Project object */;
}
